lockfileVersion: '9.0'

settings:
  autoInstallPeers: true
  excludeLinksFromLockfile: false

importers:

  .:
    dependencies:
      revolt.js:
        specifier: 7.0.3
        version: 7.0.3
    devDependencies:
      '@types/node':
        specifier: ^20.14.10
        version: 20.14.10
      typescript:
        specifier: ^5.4.5
        version: 5.4.5

packages:

  '@solid-primitives/map@0.4.11':
    resolution: {integrity: sha512-OAD65RPxMDYv41oAvadPCqedZfDX92BbWLUC+Qwh9okVMDAF/5UM+t1916OAfGV01Cr30d/fxIT1x86P+gFgSQ==}
    peerDependencies:
      solid-js: ^1.6.12

  '@solid-primitives/set@0.4.11':
    resolution: {integrity: sha512-DBA4KjOvqc8aer0EO14MkJM6pgs+WHujkfRVwwE31i7NVzpiqp3RY9it2dvmLthj4MHzvOBoeZosgN8Pm44GiA==}
    peerDependencies:
      solid-js: ^1.6.12

  '@solid-primitives/trigger@1.0.11':
    resolution: {integrity: sha512-4oc8grBzBit7ByXgE1aZ0QXfhdlhXaiFjDKYsOhRyUJa8fN4hdr2IgsYqjmHwxyjK+Dm2OUwkCI1bGkaLgtgXg==}
    peerDependencies:
      solid-js: ^1.6.12

  '@solid-primitives/utils@6.2.3':
    resolution: {integrity: sha512-CqAwKb2T5Vi72+rhebSsqNZ9o67buYRdEJrIFzRXz3U59QqezuuxPsyzTSVCacwS5Pf109VRsgCJQoxKRoECZQ==}
    peerDependencies:
      solid-js: ^1.6.12

  '@types/node@20.14.10':
    resolution: {integrity: sha512-MdiXf+nDuMvY0gJKxyfZ7/6UFsETO7mGKF54MVD/ekJS6HdFtpZFBgrh6Pseu64XTb2MLyFPlbW6hj8HYRQNOQ==}

  axios@0.26.1:
    resolution: {integrity: sha512-fPwcX4EvnSHuInCMItEhAGnaSEXRBjtzh9fOtsE6E1G6p7vl7edEeZe11QHf18+6+9gR5PbKV/sGKNaD8YaMeA==}

  csstype@3.1.3:
    resolution: {integrity: sha512-M1uQkMl8rQK/szD0LNhtqxIPLpimGm8sOBwU7lLnCpSbTyY3yeU1Vc7l4KT5zT4s/yOxHH5O7tIuuLOCnLADRw==}

  eventemitter3@5.0.1:
    resolution: {integrity: sha512-GWkBvjiSZK87ELrYOSESUYeVIc9mvLLf/nXalMOS5dYrgZq9o5OVkbZAVM06CVxYsCwH9BDZFPlQTlPA1j4ahA==}

  follow-redirects@1.15.6:
    resolution: {integrity: sha512-wWN62YITEaOpSK584EZXJafH1AGpO8RVgElfkuXbTOrPX4fIfOyEpW/CsiNd8JdYrAoOvafRTOEnvsO++qCqFA==}
    engines: {node: '>=4.0'}
    peerDependencies:
      debug: '*'
    peerDependenciesMeta:
      debug:
        optional: true

  isomorphic-ws@5.0.0:
    resolution: {integrity: sha512-muId7Zzn9ywDsyXgTIafTry2sV3nySZeUDe6YedVd1Hvuuep5AsIlqK+XefWpYTyJG5e503F2xIuT2lcU6rCSw==}
    peerDependencies:
      ws: '*'

  lodash.defaultsdeep@4.6.1:
    resolution: {integrity: sha512-3j8wdDzYuWO3lM3Reg03MuQR957t287Rpcxp1njpEa8oDrikb+FwGdW3n+FELh/A6qib6yPit0j/pv9G/yeAqA==}

  long@5.2.3:
    resolution: {integrity: sha512-lcHwpNoggQTObv5apGNCTdJrO69eHOZMi4BNC+rTLER8iHAqGrUVeLh/irVIM7zTw2bOXA8T6uNPeujwOLg/2Q==}

  revolt-api@0.7.11:
    resolution: {integrity: sha512-8s6uiiBDDu4p7sfAaqMnhEPMWoawpAc07t06a7HeO1Du71Ai2ahYkMjerai0NGwGIey3NyBZTyNUD8XdXV1GXw==}

  revolt.js@7.0.3:
    resolution: {integrity: sha512-Wd6yINZBDbT2QUdR1VRfwNl0ty12aTdbCbWRTHBAeuOSWBcRQ0UBJfXf/oZh7omI1aD+qFnzffBjq1PvvLE2kg==}

  seroval-plugins@1.0.7:
    resolution: {integrity: sha512-GO7TkWvodGp6buMEX9p7tNyIkbwlyuAWbI6G9Ec5bhcm7mQdu3JOK1IXbEUwb3FVzSc363GraG/wLW23NSavIw==}
    engines: {node: '>=10'}
    peerDependencies:
      seroval: ^1.0

  seroval@1.0.7:
    resolution: {integrity: sha512-n6ZMQX5q0Vn19Zq7CIKNIo7E75gPkGCFUEqDpa8jgwpYr/vScjqnQ6H09t1uIiZ0ZSK0ypEGvrYK2bhBGWsGdw==}
    engines: {node: '>=10'}

  solid-js@1.8.18:
    resolution: {integrity: sha512-cpkxDPvO/AuKBugVv6xKFd1C9VC0XZMu4VtF56IlHoux8HgyW44uqNSWbozMnVcpIzHIhS3vVXPAVZYM26jpWw==}

  typescript@5.4.5:
    resolution: {integrity: sha512-vcI4UpRgg81oIRUFwR0WSIHKt11nJ7SAVlYNIu+QpqeyXP+gpQJy/Z4+F0aGxSE4MqwjyXvW/TzgkLAx2AGHwQ==}
    engines: {node: '>=14.17'}
    hasBin: true

  ulid@2.3.0:
    resolution: {integrity: sha512-keqHubrlpvT6G2wH0OEfSW4mquYRcbe/J8NMmveoQOjUqmo+hXtO+ORCpWhdbZ7k72UtY61BL7haGxW6enBnjw==}
    hasBin: true

  undici-types@5.26.5:
    resolution: {integrity: sha512-JlCMO+ehdEIKqlFxk6IfVoAUVmgz7cU7zD/h9XZ0qzeosSHmUJVOzSQvvYSYWXkFXC+IfLKSIffhv0sVZup6pA==}

  ws@8.17.0:
    resolution: {integrity: sha512-uJq6108EgZMAl20KagGkzCKfMEjxmKvZHG7Tlq0Z6nOky7YF7aq4mOx6xK8TJ/i1LeK4Qus7INktacctDgY8Ow==}
    engines: {node: '>=10.0.0'}
    peerDependencies:
      bufferutil: ^4.0.1
      utf-8-validate: '>=5.0.2'
    peerDependenciesMeta:
      bufferutil:
        optional: true
      utf-8-validate:
        optional: true

snapshots:

  '@solid-primitives/map@0.4.11(solid-js@1.8.18)':
    dependencies:
      '@solid-primitives/trigger': 1.0.11(solid-js@1.8.18)
      solid-js: 1.8.18

  '@solid-primitives/set@0.4.11(solid-js@1.8.18)':
    dependencies:
      '@solid-primitives/trigger': 1.0.11(solid-js@1.8.18)
      solid-js: 1.8.18

  '@solid-primitives/trigger@1.0.11(solid-js@1.8.18)':
    dependencies:
      '@solid-primitives/utils': 6.2.3(solid-js@1.8.18)
      solid-js: 1.8.18

  '@solid-primitives/utils@6.2.3(solid-js@1.8.18)':
    dependencies:
      solid-js: 1.8.18

  '@types/node@20.14.10':
    dependencies:
      undici-types: 5.26.5

  axios@0.26.1:
    dependencies:
      follow-redirects: 1.15.6
    transitivePeerDependencies:
      - debug

  csstype@3.1.3: {}

  eventemitter3@5.0.1: {}

  follow-redirects@1.15.6: {}

  isomorphic-ws@5.0.0(ws@8.17.0):
    dependencies:
      ws: 8.17.0

  lodash.defaultsdeep@4.6.1: {}

  long@5.2.3: {}

  revolt-api@0.7.11:
    dependencies:
      axios: 0.26.1
      lodash.defaultsdeep: 4.6.1
    transitivePeerDependencies:
      - debug

  revolt.js@7.0.3:
    dependencies:
      '@solid-primitives/map': 0.4.11(solid-js@1.8.18)
      '@solid-primitives/set': 0.4.11(solid-js@1.8.18)
      eventemitter3: 5.0.1
      isomorphic-ws: 5.0.0(ws@8.17.0)
      long: 5.2.3
      revolt-api: 0.7.11
      solid-js: 1.8.18
      ulid: 2.3.0
      ws: 8.17.0
    transitivePeerDependencies:
      - bufferutil
      - debug
      - utf-8-validate

  seroval-plugins@1.0.7(seroval@1.0.7):
    dependencies:
      seroval: 1.0.7

  seroval@1.0.7: {}

  solid-js@1.8.18:
    dependencies:
      csstype: 3.1.3
      seroval: 1.0.7
      seroval-plugins: 1.0.7(seroval@1.0.7)

  typescript@5.4.5: {}

  ulid@2.3.0: {}

  undici-types@5.26.5: {}

  ws@8.17.0: {}
